
Microsoft Visual Studio Solution File, Format Version 12.00
# Visual Studio Version 16
VisualStudioVersion = 16.0.31911.196
MinimumVisualStudioVersion = 10.0.40219.1
Project("{FAE04EC0-301F-11D3-BF4B-00C04F79EFBC}") = "PizzeriaWaluigi", "PizzeriaWaluigi\PizzeriaWaluigi.csproj", "{81D29745-DA4F-40F8-8053-6048FD098AA2}"
EndProject
Project("{FAE04EC0-301F-11D3-BF4B-00C04F79EFBC}") = "PizzeriaWaluigi.Tests", "PizzeriaWaluigi.Tests\PizzeriaWaluigi.Tests.csproj", "{55ECFD01-6187-463E-B321-027D28D8A6FF}"
EndProject
Global
	GlobalSection(SolutionConfigurationPlatforms) = preSolution
		Debug|Any CPU = Debug|Any CPU
		Release|Any CPU = Release|Any CPU
	EndGlobalSection
	GlobalSection(ProjectConfigurationPlatforms) = postSolution
		{81D29745-DA4F-40F8-8053-6048FD098AA2}.Debug|Any CPU.ActiveCfg = Debug|Any CPU
		{81D29745-DA4F-40F8-8053-6048FD098AA2}.Debug|Any CPU.Build.0 = Debug|Any CPU
		{81D29745-DA4F-40F8-8053-6048FD098AA2}.Release|Any CPU.ActiveCfg = Release|Any CPU
		{81D29745-DA4F-40F8-8053-6048FD098AA2}.Release|Any CPU.Build.0 = Release|Any CPU
		{55ECFD01-6187-463E-B321-027D28D8A6FF}.Debug|Any CPU.ActiveCfg = Debug|Any CPU
		{55ECFD01-6187-463E-B321-027D28D8A6FF}.Debug|Any CPU.Build.0 = Debug|Any CPU
		{55ECFD01-6187-463E-B321-027D28D8A6FF}.Release|Any CPU.ActiveCfg = Release|Any CPU
		{55ECFD01-6187-463E-B321-027D28D8A6FF}.Release|Any CPU.Build.0 = Release|Any CPU
	EndGlobalSection
	GlobalSection(SolutionProperties) = preSolution
		HideSolutionNode = FALSE
	EndGlobalSection
	GlobalSection(ExtensibilityGlobals) = postSolution
		SolutionGuid = {8036B723-F3FC-4F48-AA60-46883514D172}
	EndGlobalSection
EndGlobal
